
Microsoft Visual Studio Solution File, Format Version 12.00
# Visual Studio Version 17
VisualStudioVersion = 17.9.34723.18
MinimumVisualStudioVersion = 10.0.40219.1
Project("{FAE04EC0-301F-11D3-BF4B-00C04F79EFBC}") = "MusicPlayer", "MusicPlayer.csproj", "{12EFC89F-CE0F-493B-AB4E-15BDA741BE14}"
EndProject
Global
	GlobalSection(SolutionConfigurationPlatforms) = preSolution
		Debug|Any CPU = Debug|Any CPU
		Release|Any CPU = Release|Any CPU
	EndGlobalSection
	GlobalSection(ProjectConfigurationPlatforms) = postSolution
		{12EFC89F-CE0F-493B-AB4E-15BDA741BE14}.Debug|Any CPU.ActiveCfg = Debug|Any CPU
		{12EFC89F-CE0F-493B-AB4E-15BDA741BE14}.Debug|Any CPU.Build.0 = Debug|Any CPU
		{12EFC89F-CE0F-493B-AB4E-15BDA741BE14}.Release|Any CPU.ActiveCfg = Release|Any CPU
		{12EFC89F-CE0F-493B-AB4E-15BDA741BE14}.Release|Any CPU.Build.0 = Release|Any CPU
	EndGlobalSection
	GlobalSection(SolutionProperties) = preSolution
		HideSolutionNode = FALSE
	EndGlobalSection
	GlobalSection(ExtensibilityGlobals) = postSolution
		SolutionGuid = {52B1CD57-EB46-43B4-96E9-CB7089A46430}
	EndGlobalSection
EndGlobal
